{
  "version": 4,
  "terraform_version": "1.5.7",
  "serial": 63,
  "lineage": "e4b9c22b-c912-3617-9069-367e41cea70b",
  "outputs": {},
  "resources": [
    {
      "mode": "managed",
      "type": "github_branch_protection",
      "name": "branch_protection",
      "provider": "provider[\"registry.terraform.io/integrations/github\"]",
      "instances": [
        {
          "index_key": "jg-dev:develop",
          "schema_version": 1,
          "attributes": {
            "allows_deletions": false,
            "allows_force_pushes": false,
            "enforce_admins": false,
            "id": "BPR_kwDOGpgfVM4BjbZw",
            "pattern": "develop",
            "push_restrictions": [],
            "repository_id": "R_kgDOGpgfVA",
            "require_conversation_resolution": false,
            "require_signed_commits": false,
            "required_linear_history": false,
            "required_pull_request_reviews": [],
            "required_status_checks": [
              {
                "contexts": [
                  "Build"
                ],
                "strict": true
              }
            ]
          },
          "sensitive_attributes": [],
          "private": "eyJzY2hlbWFfdmVyc2lvbiI6IjEifQ==",
          "dependencies": [
            "github_repository.repository"
          ]
        },
        {
          "index_key": "jg-dev:main",
          "schema_version": 1,
          "attributes": {
            "allows_deletions": false,
            "allows_force_pushes": false,
            "enforce_admins": false,
            "id": "BPR_kwDOGpgfVM4BjbZx",
            "pattern": "main",
            "push_restrictions": [],
            "repository_id": "R_kgDOGpgfVA",
            "require_conversation_resolution": false,
            "require_signed_commits": false,
            "required_linear_history": false,
            "required_pull_request_reviews": [],
            "required_status_checks": [
              {
                "contexts": [
                  "Build"
                ],
                "strict": true
              }
            ]
          },
          "sensitive_attributes": [],
          "private": "eyJzY2hlbWFfdmVyc2lvbiI6IjEifQ==",
          "dependencies": [
            "github_repository.repository"
          ]
        },
        {
          "index_key": "typescript-component-library:develop",
          "schema_version": 1,
          "attributes": {
            "allows_deletions": false,
            "allows_force_pushes": false,
            "enforce_admins": false,
            "id": "BPR_kwDOFyNHZ84BkBi-",
            "pattern": "develop",
            "push_restrictions": [],
            "repository_id": "MDEwOlJlcG9zaXRvcnkzODgxODgwMDc=",
            "require_conversation_resolution": false,
            "require_signed_commits": false,
            "required_linear_history": false,
            "required_pull_request_reviews": [],
            "required_status_checks": [
              {
                "contexts": [
                  "Build"
                ],
                "strict": true
              }
            ]
          },
          "sensitive_attributes": [],
          "private": "eyJzY2hlbWFfdmVyc2lvbiI6IjEifQ==",
          "dependencies": [
            "github_repository.repository"
          ]
        },
        {
          "index_key": "typescript-component-library:main",
          "schema_version": 1,
          "attributes": {
            "allows_deletions": false,
            "allows_force_pushes": false,
            "enforce_admins": false,
            "id": "BPR_kwDOFyNHZ84BkBi9",
            "pattern": "main",
            "push_restrictions": [],
            "repository_id": "MDEwOlJlcG9zaXRvcnkzODgxODgwMDc=",
            "require_conversation_resolution": false,
            "require_signed_commits": false,
            "required_linear_history": false,
            "required_pull_request_reviews": [],
            "required_status_checks": [
              {
                "contexts": [
                  "Build"
                ],
                "strict": true
              }
            ]
          },
          "sensitive_attributes": [],
          "private": "eyJzY2hlbWFfdmVyc2lvbiI6IjEifQ==",
          "dependencies": [
            "github_repository.repository"
          ]
        }
      ]
    },
    {
      "mode": "managed",
      "type": "github_issue_label",
      "name": "label",
      "provider": "provider[\"registry.terraform.io/integrations/github\"]",
      "instances": [
        {
          "index_key": "bug",
          "schema_version": 0,
          "attributes": {
            "color": "C70039",
            "description": "",
            "etag": "W/\"a0a13ff7ae6d940fda7614123846cde0d369d7854c6a35a387fa0b7de31967fc\"",
            "id": "elland-golf-club:bug",
            "name": "bug",
            "repository": "elland-golf-club",
            "url": "https://api.github.com/repos/joshuagardiner/elland-golf-club/labels/bug"
          },
          "sensitive_attributes": [],
          "private": "bnVsbA=="
        },
        {
          "index_key": "dependencies",
          "schema_version": 0,
          "attributes": {
            "color": "F333FF",
            "description": "",
            "etag": "W/\"9dd165eca7442df03c254ae9db70faed6ced281843e79139546532b8f9471558\"",
            "id": "elland-golf-club:dependencies",
            "name": "dependencies",
            "repository": "elland-golf-club",
            "url": "https://api.github.com/repos/joshuagardiner/elland-golf-club/labels/dependencies"
          },
          "sensitive_attributes": [],
          "private": "bnVsbA=="
        },
        {
          "index_key": "documentation",
          "schema_version": 0,
          "attributes": {
            "color": "33A8FF",
            "description": "",
            "etag": "W/\"5d8997fd912cb80b484da01bba983bc7b27c88b48095948d3c93875ffa0fdb3c\"",
            "id": "elland-golf-club:documentation",
            "name": "documentation",
            "repository": "elland-golf-club",
            "url": "https://api.github.com/repos/joshuagardiner/elland-golf-club/labels/documentation"
          },
          "sensitive_attributes": [],
          "private": "bnVsbA=="
        },
        {
          "index_key": "enhancement",
          "schema_version": 0,
          "attributes": {
            "color": "33FF3C",
            "description": "",
            "etag": "W/\"3f1ea35b76f6d1d588c5af82c92628d7f367ae715a1e2d97bc4eb77bbba24791\"",
            "id": "elland-golf-club:enhancement",
            "name": "enhancement",
            "repository": "elland-golf-club",
            "url": "https://api.github.com/repos/joshuagardiner/elland-golf-club/labels/enhancement"
          },
          "sensitive_attributes": [],
          "private": "bnVsbA=="
        }
      ]
    },
    {
      "mode": "managed",
      "type": "github_repository",
      "name": "repository",
      "provider": "provider[\"registry.terraform.io/integrations/github\"]",
      "instances": [
        {
          "index_key": "elland-golf-club",
          "schema_version": 0,
          "attributes": {
            "allow_auto_merge": false,
            "allow_merge_commit": true,
            "allow_rebase_merge": true,
            "allow_squash_merge": true,
            "archive_on_destroy": true,
            "archived": false,
            "auto_init": null,
            "branches": [],
            "default_branch": "main",
            "delete_branch_on_merge": true,
            "description": "A Next.js web application written in React with TypeScript and deployed using Netlify",
            "etag": "W/\"819594477d7a40b7842be627cf42108f6c3a6dfb9ad603200b76c6d442648816\"",
            "full_name": "joshuagardiner/elland-golf-club",
            "git_clone_url": "git://github.com/joshuagardiner/elland-golf-club.git",
            "gitignore_template": null,
            "has_downloads": false,
            "has_issues": true,
            "has_projects": false,
            "has_wiki": true,
            "homepage_url": "",
            "html_url": "https://github.com/joshuagardiner/elland-golf-club",
            "http_clone_url": "https://github.com/joshuagardiner/elland-golf-club.git",
            "id": "elland-golf-club",
            "is_template": false,
            "license_template": null,
            "name": "elland-golf-club",
            "node_id": "R_kgDOHO94IQ",
            "pages": [],
            "private": true,
            "repo_id": 485455905,
            "ssh_clone_url": "git@github.com:joshuagardiner/elland-golf-club.git",
            "svn_url": "https://github.com/joshuagardiner/elland-golf-club",
            "template": [],
            "topics": [
              "netlify",
              "nextjs",
              "react",
              "typescript"
            ],
            "visibility": "private",
            "vulnerability_alerts": true
          },
          "sensitive_attributes": [],
          "private": "bnVsbA=="
        },
        {
          "index_key": "food-standards-agency",
          "schema_version": 0,
          "attributes": {
            "allow_auto_merge": false,
            "allow_merge_commit": true,
            "allow_rebase_merge": true,
            "allow_squash_merge": true,
            "archive_on_destroy": true,
            "archived": false,
            "auto_init": null,
            "branches": [
              {
                "name": "main",
                "protected": false
              }
            ],
            "default_branch": "main",
            "delete_branch_on_merge": true,
            "description": "A web-app coding challenge.",
            "etag": "W/\"d9e684e205a45d93bd1267b154c7758c8abb1902b5b6bc4bf09f2d0fcc02fe5b\"",
            "full_name": "joshuagardiner/food-standards-agency",
            "git_clone_url": "git://github.com/joshuagardiner/food-standards-agency.git",
            "gitignore_template": null,
            "has_downloads": false,
            "has_issues": true,
            "has_projects": false,
            "has_wiki": false,
            "homepage_url": "",
            "html_url": "https://github.com/joshuagardiner/food-standards-agency",
            "http_clone_url": "https://github.com/joshuagardiner/food-standards-agency.git",
            "id": "food-standards-agency",
            "is_template": false,
            "license_template": null,
            "name": "food-standards-agency",
            "node_id": "R_kgDOHsKWYA",
            "pages": [],
            "private": true,
            "repo_id": 516068960,
            "ssh_clone_url": "git@github.com:joshuagardiner/food-standards-agency.git",
            "svn_url": "https://github.com/joshuagardiner/food-standards-agency",
            "template": [],
            "topics": [
              "react",
              "typescript",
              "web-app"
            ],
            "visibility": "private",
            "vulnerability_alerts": true
          },
          "sensitive_attributes": [],
          "private": "bnVsbA=="
        },
        {
          "index_key": "jg-dev",
          "schema_version": 0,
          "attributes": {
            "allow_auto_merge": false,
            "allow_merge_commit": true,
            "allow_rebase_merge": true,
            "allow_squash_merge": true,
            "archive_on_destroy": true,
            "archived": false,
            "auto_init": null,
            "branches": [
              {
                "name": "develop",
                "protected": true
              },
              {
                "name": "main",
                "protected": true
              },
              {
                "name": "node-lts",
                "protected": false
              },
              {
                "name": "rc-1.5.0",
                "protected": false
              }
            ],
            "default_branch": "develop",
            "delete_branch_on_merge": true,
            "description": "A Next.js web application written in React with TypeScript and deployed using Netlify",
            "etag": "W/\"e7b5fd2b9d86fe0f06201f5cc667921d45cc36ad092d0719e256f84117e2926b\"",
            "full_name": "joshuagardiner/jg-dev",
            "git_clone_url": "git://github.com/joshuagardiner/jg-dev.git",
            "gitignore_template": null,
            "has_downloads": false,
            "has_issues": true,
            "has_projects": false,
            "has_wiki": false,
            "homepage_url": "https://joshuagardiner.dev/",
            "html_url": "https://github.com/joshuagardiner/jg-dev",
            "http_clone_url": "https://github.com/joshuagardiner/jg-dev.git",
            "id": "jg-dev",
            "is_template": false,
            "license_template": null,
            "name": "jg-dev",
            "node_id": "R_kgDOGpgfVA",
            "pages": [],
            "private": false,
            "repo_id": 446177108,
            "ssh_clone_url": "git@github.com:joshuagardiner/jg-dev.git",
            "svn_url": "https://github.com/joshuagardiner/jg-dev",
            "template": [],
            "topics": [
              "netlify",
              "nextjs",
              "react",
              "typescript"
            ],
            "visibility": "public",
            "vulnerability_alerts": true
          },
          "sensitive_attributes": [],
          "private": "bnVsbA=="
        },
        {
          "index_key": "next-react-web-app",
          "schema_version": 0,
          "attributes": {
            "allow_auto_merge": false,
            "allow_merge_commit": true,
            "allow_rebase_merge": true,
            "allow_squash_merge": true,
            "archive_on_destroy": true,
            "archived": false,
            "auto_init": null,
            "branches": [
              {
                "name": "dependabot/npm_and_yarn/decode-uri-component-0.2.2",
                "protected": false
              },
              {
                "name": "dependabot/npm_and_yarn/eslint-8.35.0",
                "protected": false
              },
              {
                "name": "dependabot/npm_and_yarn/joshuagardiner/typescript-component-library-1.1.28",
                "protected": false
              },
              {
                "name": "dependabot/npm_and_yarn/json5-1.0.2",
                "protected": false
              },
              {
                "name": "dependabot/npm_and_yarn/minimatch-3.1.2",
                "protected": false
              },
              {
                "name": "dependabot/npm_and_yarn/react-dom-and-types/react-dom-18.2.0",
                "protected": false
              },
              {
                "name": "dependabot/npm_and_yarn/testing-library/dom-9.0.0",
                "protected": false
              },
              {
                "name": "dependabot/npm_and_yarn/testing-library/jest-dom-5.16.5",
                "protected": false
              },
              {
                "name": "develop",
                "protected": false
              },
              {
                "name": "golf-page",
                "protected": false
              },
              {
                "name": "main",
                "protected": false
              }
            ],
            "default_branch": "develop",
            "delete_branch_on_merge": true,
            "description": "A Next.js web application written in React with TypeScript and deployed using Vercel",
            "etag": "W/\"af40c1f13dfbbb5ba8b48130356e52b3bd45db0894ba55e2d465955f787642d7\"",
            "full_name": "joshuagardiner/next-react-web-app",
            "git_clone_url": "git://github.com/joshuagardiner/next-react-web-app.git",
            "gitignore_template": null,
            "has_downloads": false,
            "has_issues": true,
            "has_projects": false,
            "has_wiki": false,
            "homepage_url": "",
            "html_url": "https://github.com/joshuagardiner/next-react-web-app",
            "http_clone_url": "https://github.com/joshuagardiner/next-react-web-app.git",
            "id": "next-react-web-app",
            "is_template": false,
            "license_template": null,
            "name": "next-react-web-app",
            "node_id": "MDEwOlJlcG9zaXRvcnkzODg4NTcxNTM=",
            "pages": [],
            "private": true,
            "repo_id": 388857153,
            "ssh_clone_url": "git@github.com:joshuagardiner/next-react-web-app.git",
            "svn_url": "https://github.com/joshuagardiner/next-react-web-app",
            "template": [],
            "topics": [
              "nextjs",
              "react",
              "typescript",
              "vercel"
            ],
            "visibility": "private",
            "vulnerability_alerts": true
          },
          "sensitive_attributes": [],
          "private": "bnVsbA=="
        },
        {
          "index_key": "subscriptions",
          "schema_version": 0,
          "attributes": {
            "allow_auto_merge": false,
            "allow_merge_commit": true,
            "allow_rebase_merge": true,
            "allow_squash_merge": true,
            "archive_on_destroy": true,
            "archived": false,
            "auto_init": null,
            "branches": [],
            "default_branch": "main",
            "delete_branch_on_merge": true,
            "description": "A web-app coding challenge.",
            "etag": "W/\"6b913f687ff8510676b6a3aba47d510611e0ec3113a437193d23d55093ccb461\"",
            "full_name": "joshuagardiner/subscriptions",
            "git_clone_url": "git://github.com/joshuagardiner/subscriptions.git",
            "gitignore_template": null,
            "has_downloads": false,
            "has_issues": true,
            "has_projects": false,
            "has_wiki": false,
            "homepage_url": "",
            "html_url": "https://github.com/joshuagardiner/subscriptions",
            "http_clone_url": "https://github.com/joshuagardiner/subscriptions.git",
            "id": "subscriptions",
            "is_template": false,
            "license_template": null,
            "name": "subscriptions",
            "node_id": "R_kgDOHsKWSw",
            "pages": [],
            "private": true,
            "repo_id": 516068939,
            "ssh_clone_url": "git@github.com:joshuagardiner/subscriptions.git",
            "svn_url": "https://github.com/joshuagardiner/subscriptions",
            "template": [],
            "topics": [
              "react",
              "typescript",
              "web-app"
            ],
            "visibility": "private",
            "vulnerability_alerts": true
          },
          "sensitive_attributes": [],
          "private": "bnVsbA=="
        },
        {
          "index_key": "typescript-component-library",
          "schema_version": 0,
          "attributes": {
            "allow_auto_merge": false,
            "allow_merge_commit": true,
            "allow_rebase_merge": true,
            "allow_squash_merge": true,
            "archive_on_destroy": true,
            "archived": false,
            "auto_init": null,
            "branches": [
              {
                "name": "develop",
                "protected": true
              },
              {
                "name": "main",
                "protected": true
              },
              {
                "name": "storybook",
                "protected": false
              }
            ],
            "default_branch": "develop",
            "delete_branch_on_merge": true,
            "description": "A React component library written in TypeScript with support for styled components",
            "etag": "W/\"6bb7158d342fe114d6b822eef33a58560b564c988ce0c3954c9e2e5f1e5c9387\"",
            "full_name": "joshuagardiner/component-library",
            "git_clone_url": "git://github.com/joshuagardiner/component-library.git",
            "gitignore_template": null,
            "has_downloads": false,
            "has_issues": true,
            "has_projects": false,
            "has_wiki": false,
            "homepage_url": "",
            "html_url": "https://github.com/joshuagardiner/component-library",
            "http_clone_url": "https://github.com/joshuagardiner/component-library.git",
            "id": "typescript-component-library",
            "is_template": false,
            "license_template": null,
            "name": "typescript-component-library",
            "node_id": "MDEwOlJlcG9zaXRvcnkzODgxODgwMDc=",
            "pages": [],
            "private": false,
            "repo_id": 388188007,
            "ssh_clone_url": "git@github.com:joshuagardiner/component-library.git",
            "svn_url": "https://github.com/joshuagardiner/component-library",
            "template": [],
            "topics": [
              "components",
              "react",
              "typescript"
            ],
            "visibility": "public",
            "vulnerability_alerts": true
          },
          "sensitive_attributes": [],
          "private": "bnVsbA=="
        },
        {
          "index_key": "vintage-shop",
          "schema_version": 0,
          "attributes": {
            "allow_auto_merge": false,
            "allow_merge_commit": true,
            "allow_rebase_merge": true,
            "allow_squash_merge": true,
            "archive_on_destroy": true,
            "archived": false,
            "auto_init": null,
            "branches": [
              {
                "name": "main",
                "protected": false
              }
            ],
            "default_branch": "main",
            "delete_branch_on_merge": true,
            "description": "A web-app coding challenge.",
            "etag": "W/\"b31e9df829eb6708d63bad77887c070ee7ac11f04d61388183886edcb9aaea8f\"",
            "full_name": "joshuagardiner/vintage-shop",
            "git_clone_url": "git://github.com/joshuagardiner/vintage-shop.git",
            "gitignore_template": null,
            "has_downloads": false,
            "has_issues": true,
            "has_projects": false,
            "has_wiki": false,
            "homepage_url": "",
            "html_url": "https://github.com/joshuagardiner/vintage-shop",
            "http_clone_url": "https://github.com/joshuagardiner/vintage-shop.git",
            "id": "vintage-shop",
            "is_template": false,
            "license_template": null,
            "name": "vintage-shop",
            "node_id": "R_kgDOHsKWJQ",
            "pages": [],
            "private": true,
            "repo_id": 516068901,
            "ssh_clone_url": "git@github.com:joshuagardiner/vintage-shop.git",
            "svn_url": "https://github.com/joshuagardiner/vintage-shop",
            "template": [],
            "topics": [
              "react",
              "typescript",
              "web-app"
            ],
            "visibility": "private",
            "vulnerability_alerts": true
          },
          "sensitive_attributes": [],
          "private": "bnVsbA=="
        },
        {
          "index_key": "wheel-of-fate",
          "schema_version": 0,
          "attributes": {
            "allow_auto_merge": false,
            "allow_merge_commit": true,
            "allow_rebase_merge": true,
            "allow_squash_merge": true,
            "archive_on_destroy": true,
            "archived": false,
            "auto_init": null,
            "branches": [],
            "default_branch": "main",
            "delete_branch_on_merge": true,
            "description": "A full-stack coding challenge.",
            "etag": "W/\"3d254994cf45e4236093a8e38983f6f5021089a664ee66857389998fe4c15679\"",
            "full_name": "joshuagardiner/wheel-of-fate",
            "git_clone_url": "git://github.com/joshuagardiner/wheel-of-fate.git",
            "gitignore_template": null,
            "has_downloads": false,
            "has_issues": true,
            "has_projects": false,
            "has_wiki": false,
            "homepage_url": "",
            "html_url": "https://github.com/joshuagardiner/wheel-of-fate",
            "http_clone_url": "https://github.com/joshuagardiner/wheel-of-fate.git",
            "id": "wheel-of-fate",
            "is_template": false,
            "license_template": null,
            "name": "wheel-of-fate",
            "node_id": "R_kgDOHsKWOQ",
            "pages": [],
            "private": true,
            "repo_id": 516068921,
            "ssh_clone_url": "git@github.com:joshuagardiner/wheel-of-fate.git",
            "svn_url": "https://github.com/joshuagardiner/wheel-of-fate",
            "template": [],
            "topics": [
              "full-stack",
              "react",
              "typescript"
            ],
            "visibility": "private",
            "vulnerability_alerts": true
          },
          "sensitive_attributes": [],
          "private": "bnVsbA=="
        }
      ]
    }
  ],
  "check_results": null
}
