{
  "version": 4,
  "terraform_version": "1.1.7",
  "serial": 32,
  "lineage": "e4b9c22b-c912-3617-9069-367e41cea70b",
  "outputs": {},
  "resources": [
    {
      "mode": "managed",
      "type": "github_repository",
      "name": "repository",
      "provider": "provider[\"registry.terraform.io/integrations/github\"]",
      "instances": [
        {
          "index_key": "jg-dev",
          "schema_version": 0,
          "attributes": {
            "allow_auto_merge": false,
            "allow_merge_commit": true,
            "allow_rebase_merge": true,
            "allow_squash_merge": true,
            "archive_on_destroy": true,
            "archived": false,
            "auto_init": null,
            "branches": [
              {
                "name": "dependabot/npm_and_yarn/snyk-1.864.0",
                "protected": false
              },
              {
                "name": "dependabot/npm_and_yarn/types/react-dom-17.0.13",
                "protected": false
              },
              {
                "name": "develop",
                "protected": false
              },
              {
                "name": "main",
                "protected": false
              }
            ],
            "default_branch": "develop",
            "delete_branch_on_merge": true,
            "description": "A Next.js web application written in React with TypeScript and deployed using Netlify",
            "etag": "W/\"5a3271c01b7442c502847c641eaf439f2f8512956cf51e2dab3fac2add8fc4e5\"",
            "full_name": "joshuagardiner/jg-dev",
            "git_clone_url": "git://github.com/joshuagardiner/jg-dev.git",
            "gitignore_template": null,
            "has_downloads": false,
            "has_issues": true,
            "has_projects": false,
            "has_wiki": false,
            "homepage_url": "",
            "html_url": "https://github.com/joshuagardiner/jg-dev",
            "http_clone_url": "https://github.com/joshuagardiner/jg-dev.git",
            "id": "jg-dev",
            "is_template": false,
            "license_template": null,
            "name": "jg-dev",
            "node_id": "R_kgDOGpgfVA",
            "pages": [],
            "private": false,
            "repo_id": 446177108,
            "ssh_clone_url": "git@github.com:joshuagardiner/jg-dev.git",
            "svn_url": "https://github.com/joshuagardiner/jg-dev",
            "template": [],
            "topics": [
              "netlify",
              "nextjs",
              "react",
              "typescript"
            ],
            "visibility": "public",
            "vulnerability_alerts": true
          },
          "sensitive_attributes": [],
          "private": "bnVsbA=="
        },
        {
          "index_key": "next-react-web-app",
          "schema_version": 0,
          "attributes": {
            "allow_auto_merge": false,
            "allow_merge_commit": true,
            "allow_rebase_merge": true,
            "allow_squash_merge": true,
            "archive_on_destroy": true,
            "archived": false,
            "auto_init": null,
            "branches": [
              {
                "name": "develop",
                "protected": false
              },
              {
                "name": "golf-page",
                "protected": false
              },
              {
                "name": "main",
                "protected": false
              }
            ],
            "default_branch": "develop",
            "delete_branch_on_merge": true,
            "description": "A Next.js web application written in React with TypeScript and deployed using Vercel",
            "etag": "W/\"1e3e9e58a06c794dd339fccfacb7041be49a8bec8d017c622b2c731549c5d279\"",
            "full_name": "joshuagardiner/next-react-web-app",
            "git_clone_url": "git://github.com/joshuagardiner/next-react-web-app.git",
            "gitignore_template": null,
            "has_downloads": false,
            "has_issues": true,
            "has_projects": false,
            "has_wiki": false,
            "homepage_url": "",
            "html_url": "https://github.com/joshuagardiner/next-react-web-app",
            "http_clone_url": "https://github.com/joshuagardiner/next-react-web-app.git",
            "id": "next-react-web-app",
            "is_template": false,
            "license_template": null,
            "name": "next-react-web-app",
            "node_id": "MDEwOlJlcG9zaXRvcnkzODg4NTcxNTM=",
            "pages": [],
            "private": true,
            "repo_id": 388857153,
            "ssh_clone_url": "git@github.com:joshuagardiner/next-react-web-app.git",
            "svn_url": "https://github.com/joshuagardiner/next-react-web-app",
            "template": [],
            "topics": [
              "nextjs",
              "react",
              "typescript",
              "vercel"
            ],
            "visibility": "private",
            "vulnerability_alerts": true
          },
          "sensitive_attributes": [],
          "private": "bnVsbA=="
        },
        {
          "index_key": "typescript-component-library",
          "schema_version": 0,
          "attributes": {
            "allow_auto_merge": false,
            "allow_merge_commit": true,
            "allow_rebase_merge": true,
            "allow_squash_merge": true,
            "archive_on_destroy": true,
            "archived": false,
            "auto_init": null,
            "branches": [
              {
                "name": "dependabot/npm_and_yarn/typescript-4.6.2",
                "protected": false
              },
              {
                "name": "develop",
                "protected": false
              },
              {
                "name": "main",
                "protected": false
              }
            ],
            "default_branch": "develop",
            "delete_branch_on_merge": true,
            "description": "A React component library written in TypeScript with support for styled components",
            "etag": "W/\"08bde3cfa1746f24138c9fec5a2fdfaf880b2d94efaa73f4e7623c2d0f827640\"",
            "full_name": "joshuagardiner/typescript-component-library",
            "git_clone_url": "git://github.com/joshuagardiner/typescript-component-library.git",
            "gitignore_template": null,
            "has_downloads": false,
            "has_issues": true,
            "has_projects": false,
            "has_wiki": false,
            "homepage_url": "",
            "html_url": "https://github.com/joshuagardiner/typescript-component-library",
            "http_clone_url": "https://github.com/joshuagardiner/typescript-component-library.git",
            "id": "typescript-component-library",
            "is_template": false,
            "license_template": null,
            "name": "typescript-component-library",
            "node_id": "MDEwOlJlcG9zaXRvcnkzODgxODgwMDc=",
            "pages": [],
            "private": false,
            "repo_id": 388188007,
            "ssh_clone_url": "git@github.com:joshuagardiner/typescript-component-library.git",
            "svn_url": "https://github.com/joshuagardiner/typescript-component-library",
            "template": [],
            "topics": [
              "components",
              "react",
              "typescript"
            ],
            "visibility": "public",
            "vulnerability_alerts": true
          },
          "sensitive_attributes": [],
          "private": "bnVsbA=="
        }
      ]
    }
  ]
}
