{
  "version": 4,
  "terraform_version": "1.0.2",
  "serial": 5,
  "lineage": "e4b9c22b-c912-3617-9069-367e41cea70b",
  "outputs": {},
  "resources": [
    {
      "mode": "managed",
      "type": "github_repository",
      "name": "repository",
      "provider": "provider[\"registry.terraform.io/integrations/github\"]",
      "instances": [
        {
          "index_key": "aws-ses-lambda-golang",
          "schema_version": 0,
          "attributes": {
            "allow_merge_commit": true,
            "allow_rebase_merge": true,
            "allow_squash_merge": true,
            "archive_on_destroy": true,
            "archived": false,
            "auto_init": null,
            "default_branch": "main",
            "delete_branch_on_merge": true,
            "description": "An AWS Lambda function which invokes the SES service, written in Golang",
            "etag": "W/\"4df323ada0332027d34b3e16ce12c744c10116419bd290dc0c86a29b53659c97\"",
            "full_name": "joshuagardiner/aws-ses-lambda-golang",
            "git_clone_url": "git://github.com/joshuagardiner/aws-ses-lambda-golang.git",
            "gitignore_template": null,
            "has_downloads": false,
            "has_issues": true,
            "has_projects": false,
            "has_wiki": false,
            "homepage_url": "",
            "html_url": "https://github.com/joshuagardiner/aws-ses-lambda-golang",
            "http_clone_url": "https://github.com/joshuagardiner/aws-ses-lambda-golang.git",
            "id": "aws-ses-lambda-golang",
            "is_template": false,
            "license_template": null,
            "name": "aws-ses-lambda-golang",
            "node_id": "MDEwOlJlcG9zaXRvcnkzODgxODMwNjQ=",
            "pages": [],
            "private": true,
            "repo_id": 388183064,
            "ssh_clone_url": "git@github.com:joshuagardiner/aws-ses-lambda-golang.git",
            "svn_url": "https://github.com/joshuagardiner/aws-ses-lambda-golang",
            "template": [],
            "topics": [
              "aws",
              "golang",
              "lambda",
              "simple-email-service"
            ],
            "visibility": "private",
            "vulnerability_alerts": true
          },
          "sensitive_attributes": [],
          "private": "bnVsbA=="
        },
        {
          "index_key": "typescript-component-library",
          "schema_version": 0,
          "attributes": {
            "allow_merge_commit": true,
            "allow_rebase_merge": true,
            "allow_squash_merge": true,
            "archive_on_destroy": true,
            "archived": false,
            "auto_init": null,
            "default_branch": "main",
            "delete_branch_on_merge": true,
            "description": "A React component library written in TypeScript with support for styled components",
            "etag": "W/\"33ddfc6cc69cbc2f05c78036b37213d9784a0ab15c68d0f03e467e5e721da36b\"",
            "full_name": "joshuagardiner/typescript-component-library",
            "git_clone_url": "git://github.com/joshuagardiner/typescript-component-library.git",
            "gitignore_template": null,
            "has_downloads": false,
            "has_issues": true,
            "has_projects": false,
            "has_wiki": false,
            "homepage_url": "",
            "html_url": "https://github.com/joshuagardiner/typescript-component-library",
            "http_clone_url": "https://github.com/joshuagardiner/typescript-component-library.git",
            "id": "typescript-component-library",
            "is_template": false,
            "license_template": null,
            "name": "typescript-component-library",
            "node_id": "MDEwOlJlcG9zaXRvcnkzODgxODgwMDc=",
            "pages": [],
            "private": true,
            "repo_id": 388188007,
            "ssh_clone_url": "git@github.com:joshuagardiner/typescript-component-library.git",
            "svn_url": "https://github.com/joshuagardiner/typescript-component-library",
            "template": [],
            "topics": [
              "components",
              "react",
              "typescript"
            ],
            "visibility": "private",
            "vulnerability_alerts": true
          },
          "sensitive_attributes": [],
          "private": "bnVsbA=="
        }
      ]
    }
  ]
}
