{
  "version": 4,
  "terraform_version": "1.0.2",
  "serial": 11,
  "lineage": "e4b9c22b-c912-3617-9069-367e41cea70b",
  "outputs": {},
  "resources": [
    {
      "mode": "managed",
      "type": "github_repository",
      "name": "repository",
      "provider": "provider[\"registry.terraform.io/integrations/github\"]",
      "instances": [
        {
          "index_key": "aws-ses-lambda-golang",
          "schema_version": 0,
          "attributes": {
            "allow_merge_commit": true,
            "allow_rebase_merge": true,
            "allow_squash_merge": true,
            "archive_on_destroy": true,
            "archived": false,
            "auto_init": null,
            "default_branch": "main",
            "delete_branch_on_merge": true,
            "description": "An AWS Lambda function written in Golang, which invokes the SES service",
            "etag": "W/\"93425df73b31e03f1a2b76858735d5d0abd55487fa3fc32bf53693096951d151\"",
            "full_name": "joshuagardiner/aws-ses-lambda-golang",
            "git_clone_url": "git://github.com/joshuagardiner/aws-ses-lambda-golang.git",
            "gitignore_template": null,
            "has_downloads": false,
            "has_issues": true,
            "has_projects": false,
            "has_wiki": false,
            "homepage_url": "",
            "html_url": "https://github.com/joshuagardiner/aws-ses-lambda-golang",
            "http_clone_url": "https://github.com/joshuagardiner/aws-ses-lambda-golang.git",
            "id": "aws-ses-lambda-golang",
            "is_template": false,
            "license_template": null,
            "name": "aws-ses-lambda-golang",
            "node_id": "MDEwOlJlcG9zaXRvcnkzODgxODMwNjQ=",
            "pages": [],
            "private": true,
            "repo_id": 388183064,
            "ssh_clone_url": "git@github.com:joshuagardiner/aws-ses-lambda-golang.git",
            "svn_url": "https://github.com/joshuagardiner/aws-ses-lambda-golang",
            "template": [],
            "topics": [
              "aws",
              "golang",
              "lambda",
              "simple-email-service"
            ],
            "visibility": "private",
            "vulnerability_alerts": true
          },
          "sensitive_attributes": [],
          "private": "bnVsbA=="
        },
        {
          "index_key": "next-react-web-app",
          "schema_version": 0,
          "attributes": {
            "allow_merge_commit": true,
            "allow_rebase_merge": true,
            "allow_squash_merge": true,
            "archive_on_destroy": true,
            "archived": false,
            "auto_init": null,
            "default_branch": "main",
            "delete_branch_on_merge": true,
            "description": "A Next.js web application written in React with TypeScript and deployed using Vercel",
            "etag": "W/\"8ba97b620e8cf8d07090f23f7ddb8df52786a617e1cee59d1b4a2ee128bfc929\"",
            "full_name": "joshuagardiner/next-react-web-app",
            "git_clone_url": "git://github.com/joshuagardiner/next-react-web-app.git",
            "gitignore_template": null,
            "has_downloads": false,
            "has_issues": true,
            "has_projects": false,
            "has_wiki": false,
            "homepage_url": "",
            "html_url": "https://github.com/joshuagardiner/next-react-web-app",
            "http_clone_url": "https://github.com/joshuagardiner/next-react-web-app.git",
            "id": "next-react-web-app",
            "is_template": false,
            "license_template": null,
            "name": "next-react-web-app",
            "node_id": "MDEwOlJlcG9zaXRvcnkzODg4NTcxNTM=",
            "pages": [],
            "private": true,
            "repo_id": 388857153,
            "ssh_clone_url": "git@github.com:joshuagardiner/next-react-web-app.git",
            "svn_url": "https://github.com/joshuagardiner/next-react-web-app",
            "template": [],
            "topics": [
              "nextjs",
              "react",
              "typescript",
              "vercel"
            ],
            "visibility": "private",
            "vulnerability_alerts": true
          },
          "sensitive_attributes": [],
          "private": "bnVsbA=="
        },
        {
          "index_key": "typescript-component-library",
          "schema_version": 0,
          "attributes": {
            "allow_merge_commit": true,
            "allow_rebase_merge": true,
            "allow_squash_merge": true,
            "archive_on_destroy": true,
            "archived": false,
            "auto_init": null,
            "default_branch": "develop",
            "delete_branch_on_merge": true,
            "description": "A React component library written in TypeScript with support for styled components",
            "etag": "W/\"6e039e8748bcfec2cf62e0fc8ce37a9111aa0577aa5afd705818a20dd92a1db9\"",
            "full_name": "joshuagardiner/typescript-component-library",
            "git_clone_url": "git://github.com/joshuagardiner/typescript-component-library.git",
            "gitignore_template": null,
            "has_downloads": false,
            "has_issues": true,
            "has_projects": false,
            "has_wiki": false,
            "homepage_url": "",
            "html_url": "https://github.com/joshuagardiner/typescript-component-library",
            "http_clone_url": "https://github.com/joshuagardiner/typescript-component-library.git",
            "id": "typescript-component-library",
            "is_template": false,
            "license_template": null,
            "name": "typescript-component-library",
            "node_id": "MDEwOlJlcG9zaXRvcnkzODgxODgwMDc=",
            "pages": [],
            "private": true,
            "repo_id": 388188007,
            "ssh_clone_url": "git@github.com:joshuagardiner/typescript-component-library.git",
            "svn_url": "https://github.com/joshuagardiner/typescript-component-library",
            "template": [],
            "topics": [
              "components",
              "react",
              "typescript"
            ],
            "visibility": "private",
            "vulnerability_alerts": true
          },
          "sensitive_attributes": [],
          "private": "bnVsbA=="
        }
      ]
    }
  ]
}
