{
  "version": 4,
  "terraform_version": "1.0.2",
  "serial": 14,
  "lineage": "e4b9c22b-c912-3617-9069-367e41cea70b",
  "outputs": {},
  "resources": [
    {
      "mode": "managed",
      "type": "github_repository",
      "name": "repository",
      "provider": "provider[\"registry.terraform.io/integrations/github\"]",
      "instances": [
        {
          "index_key": "aws-ses-lambda-golang",
          "schema_version": 0,
          "attributes": {
            "allow_merge_commit": true,
            "allow_rebase_merge": true,
            "allow_squash_merge": true,
            "archive_on_destroy": true,
            "archived": false,
            "auto_init": null,
            "default_branch": "main",
            "delete_branch_on_merge": true,
            "description": "An AWS Lambda function written in Golang, which invokes the SES service",
            "etag": "W/\"54dfa09aeb8124f75d41479407418f39c67989340d06746ee264c585a47d9a6f\"",
            "full_name": "joshuagardiner/aws-ses-lambda-golang",
            "git_clone_url": "git://github.com/joshuagardiner/aws-ses-lambda-golang.git",
            "gitignore_template": null,
            "has_downloads": false,
            "has_issues": true,
            "has_projects": false,
            "has_wiki": false,
            "homepage_url": "",
            "html_url": "https://github.com/joshuagardiner/aws-ses-lambda-golang",
            "http_clone_url": "https://github.com/joshuagardiner/aws-ses-lambda-golang.git",
            "id": "aws-ses-lambda-golang",
            "is_template": false,
            "license_template": null,
            "name": "aws-ses-lambda-golang",
            "node_id": "MDEwOlJlcG9zaXRvcnkzODgxODMwNjQ=",
            "pages": [],
            "private": true,
            "repo_id": 388183064,
            "ssh_clone_url": "git@github.com:joshuagardiner/aws-ses-lambda-golang.git",
            "svn_url": "https://github.com/joshuagardiner/aws-ses-lambda-golang",
            "template": [],
            "topics": [
              "aws",
              "golang",
              "lambda",
              "simple-email-service"
            ],
            "visibility": "private",
            "vulnerability_alerts": true
          },
          "sensitive_attributes": [],
          "private": "bnVsbA=="
        },
        {
          "index_key": "next-react-web-app",
          "schema_version": 0,
          "attributes": {
            "allow_merge_commit": true,
            "allow_rebase_merge": true,
            "allow_squash_merge": true,
            "archive_on_destroy": true,
            "archived": false,
            "auto_init": null,
            "default_branch": "develop",
            "delete_branch_on_merge": true,
            "description": "A Next.js web application written in React with TypeScript and deployed using Vercel",
            "etag": "W/\"1801632ec5273a78d8e25c48104054b655a1c9baa3ed23dc44b6fcf185ee719d\"",
            "full_name": "joshuagardiner/next-react-web-app",
            "git_clone_url": "git://github.com/joshuagardiner/next-react-web-app.git",
            "gitignore_template": null,
            "has_downloads": false,
            "has_issues": true,
            "has_projects": false,
            "has_wiki": false,
            "homepage_url": "",
            "html_url": "https://github.com/joshuagardiner/next-react-web-app",
            "http_clone_url": "https://github.com/joshuagardiner/next-react-web-app.git",
            "id": "next-react-web-app",
            "is_template": false,
            "license_template": null,
            "name": "next-react-web-app",
            "node_id": "MDEwOlJlcG9zaXRvcnkzODg4NTcxNTM=",
            "pages": [],
            "private": true,
            "repo_id": 388857153,
            "ssh_clone_url": "git@github.com:joshuagardiner/next-react-web-app.git",
            "svn_url": "https://github.com/joshuagardiner/next-react-web-app",
            "template": [],
            "topics": [
              "nextjs",
              "react",
              "typescript",
              "vercel"
            ],
            "visibility": "private",
            "vulnerability_alerts": true
          },
          "sensitive_attributes": [],
          "private": "bnVsbA=="
        },
        {
          "index_key": "typescript-component-library",
          "schema_version": 0,
          "attributes": {
            "allow_merge_commit": true,
            "allow_rebase_merge": true,
            "allow_squash_merge": true,
            "archive_on_destroy": true,
            "archived": false,
            "auto_init": null,
            "default_branch": "develop",
            "delete_branch_on_merge": true,
            "description": "A React component library written in TypeScript with support for styled components",
            "etag": "W/\"08aafee605c5b09c356744c175c2642d257c300bf9591cc0cdc9162bdc214b1b\"",
            "full_name": "joshuagardiner/typescript-component-library",
            "git_clone_url": "git://github.com/joshuagardiner/typescript-component-library.git",
            "gitignore_template": null,
            "has_downloads": false,
            "has_issues": true,
            "has_projects": false,
            "has_wiki": false,
            "homepage_url": "",
            "html_url": "https://github.com/joshuagardiner/typescript-component-library",
            "http_clone_url": "https://github.com/joshuagardiner/typescript-component-library.git",
            "id": "typescript-component-library",
            "is_template": false,
            "license_template": null,
            "name": "typescript-component-library",
            "node_id": "MDEwOlJlcG9zaXRvcnkzODgxODgwMDc=",
            "pages": [],
            "private": true,
            "repo_id": 388188007,
            "ssh_clone_url": "git@github.com:joshuagardiner/typescript-component-library.git",
            "svn_url": "https://github.com/joshuagardiner/typescript-component-library",
            "template": [],
            "topics": [
              "components",
              "react",
              "typescript"
            ],
            "visibility": "private",
            "vulnerability_alerts": true
          },
          "sensitive_attributes": [],
          "private": "bnVsbA=="
        },
        {
          "index_key": "universal-engineers",
          "schema_version": 0,
          "attributes": {
            "allow_merge_commit": true,
            "allow_rebase_merge": true,
            "allow_squash_merge": true,
            "archive_on_destroy": true,
            "archived": false,
            "auto_init": null,
            "default_branch": "main",
            "delete_branch_on_merge": true,
            "description": "A Next.js web application written in React with TypeScript and deployed using Netlify",
            "etag": "W/\"475de02e9b4ad3e42badb9c84b1f5c1233a052475a1c7ebe59469ca02940759d\"",
            "full_name": "joshuagardiner/universal-engineers",
            "git_clone_url": "git://github.com/joshuagardiner/universal-engineers.git",
            "gitignore_template": null,
            "has_downloads": false,
            "has_issues": true,
            "has_projects": false,
            "has_wiki": false,
            "homepage_url": "",
            "html_url": "https://github.com/joshuagardiner/universal-engineers",
            "http_clone_url": "https://github.com/joshuagardiner/universal-engineers.git",
            "id": "universal-engineers",
            "is_template": false,
            "license_template": null,
            "name": "universal-engineers",
            "node_id": "R_kgDOGo8uJg",
            "pages": [],
            "private": true,
            "repo_id": 445591078,
            "ssh_clone_url": "git@github.com:joshuagardiner/universal-engineers.git",
            "svn_url": "https://github.com/joshuagardiner/universal-engineers",
            "template": [],
            "topics": [
              "netlify",
              "nextjs",
              "react",
              "typescript"
            ],
            "visibility": "private",
            "vulnerability_alerts": true
          },
          "sensitive_attributes": [],
          "private": "bnVsbA=="
        }
      ]
    }
  ]
}
